// !$*UTF8*$!
{
	archiveVersion = 1;
	classes = {
	};
	objectVersion = 56;
	objects = {

/* Begin PBXBuildFile section */
		B5EAD55C2B8EC1930030F2DD /* AppDelegate.swift in Sources */ = {isa = PBXBuildFile; fileRef = B5EAD55B2B8EC1930030F2DD /* AppDelegate.swift */; };
		B5EAD55E2B8EC1930030F2DD /* SceneDelegate.swift in Sources */ = {isa = PBXBuildFile; fileRef = B5EAD55D2B8EC1930030F2DD /* SceneDelegate.swift */; };
		B5EAD5602B8EC1930030F2DD /* ViewController.swift in Sources */ = {isa = PBXBuildFile; fileRef = B5EAD55F2B8EC1930030F2DD /* ViewController.swift */; };
		B5EAD5632B8EC1930030F2DD /* Main.storyboard in Resources */ = {isa = PBXBuildFile; fileRef = B5EAD5612B8EC1930030F2DD /* Main.storyboard */; };
		B5EAD5652B8EC1970030F2DD /* Assets.xcassets in Resources */ = {isa = PBXBuildFile; fileRef = B5EAD5642B8EC1970030F2DD /* Assets.xcassets */; };
		B5EAD5682B8EC1970030F2DD /* LaunchScreen.storyboard in Resources */ = {isa = PBXBuildFile; fileRef = B5EAD5662B8EC1970030F2DD /* LaunchScreen.storyboard */; };
		B5EAD5752B8EC2E40030F2DD /* CollectionViewController.swift in Sources */ = {isa = PBXBuildFile; fileRef = B5EAD5712B8EC2E40030F2DD /* CollectionViewController.swift */; };
		B5EAD5762B8EC2E40030F2DD /* CollectionViewCell.swift in Sources */ = {isa = PBXBuildFile; fileRef = B5EAD5722B8EC2E40030F2DD /* CollectionViewCell.swift */; };
		B5EAD5772B8EC2E40030F2DD /* BottomTabBarController.swift in Sources */ = {isa = PBXBuildFile; fileRef = B5EAD5732B8EC2E40030F2DD /* BottomTabBarController.swift */; };
		B5EAD5782B8EC2E40030F2DD /* BottomTabView.swift in Sources */ = {isa = PBXBuildFile; fileRef = B5EAD5742B8EC2E40030F2DD /* BottomTabView.swift */; };
		B5EAD5802B8ECC880030F2DD /* ProfileListViewController.swift in Sources */ = {isa = PBXBuildFile; fileRef = B5EAD57F2B8ECC880030F2DD /* ProfileListViewController.swift */; };
		B5EAD5862B8ECDFD0030F2DD /* QuizViewController.swift in Sources */ = {isa = PBXBuildFile; fileRef = B5EAD5852B8ECDFD0030F2DD /* QuizViewController.swift */; };
		B5EAD58A2B8ED5F70030F2DD /* MemberDetailView.swift in Sources */ = {isa = PBXBuildFile; fileRef = B5EAD5892B8ED5F70030F2DD /* MemberDetailView.swift */; };
		B5EAD5902B8EDEF10030F2DD /* Quiz.storyboard in Resources */ = {isa = PBXBuildFile; fileRef = B5EAD58F2B8EDEF10030F2DD /* Quiz.storyboard */; };
		B5EAD5932B8EE28E0030F2DD /* TeamMember.swift in Sources */ = {isa = PBXBuildFile; fileRef = B5EAD5912B8EE28E0030F2DD /* TeamMember.swift */; };
		B5EAD5942B8EE28E0030F2DD /* Protocol.swift in Sources */ = {isa = PBXBuildFile; fileRef = B5EAD5922B8EE28E0030F2DD /* Protocol.swift */; };
		B5EAD5982B8F0C240030F2DD /* ListCollectionViewCell.swift in Sources */ = {isa = PBXBuildFile; fileRef = B5EAD5972B8F0C240030F2DD /* ListCollectionViewCell.swift */; };
		B5EAD59E2B8F19E70030F2DD /* .gitignore in Resources */ = {isa = PBXBuildFile; fileRef = B5EAD59D2B8F19E70030F2DD /* .gitignore */; };
		B5EAD5A22B8F44630030F2DD /* NanumGothicCoding-Bold.ttf in Resources */ = {isa = PBXBuildFile; fileRef = B5EAD5A02B8F44630030F2DD /* NanumGothicCoding-Bold.ttf */; };
		B5EAD5A32B8F44630030F2DD /* NanumGothicCoding.ttf in Resources */ = {isa = PBXBuildFile; fileRef = B5EAD5A12B8F44630030F2DD /* NanumGothicCoding.ttf */; };
		B5EAD5A52B8F44730030F2DD /* Cafe24Supermagic-Bold-v1.0.otf in Resources */ = {isa = PBXBuildFile; fileRef = B5EAD5A42B8F44730030F2DD /* Cafe24Supermagic-Bold-v1.0.otf */; };
		B5EAD5B62B9090F40030F2DD /* QuizData.swift in Sources */ = {isa = PBXBuildFile; fileRef = B5EAD5B42B9090F40030F2DD /* QuizData.swift */; };
		B5EAD5B72B9090F40030F2DD /* QuizModel.swift in Sources */ = {isa = PBXBuildFile; fileRef = B5EAD5B52B9090F40030F2DD /* QuizModel.swift */; };
		B5EAD5BE2B932D9F0030F2DD /* LaunchView.swift in Sources */ = {isa = PBXBuildFile; fileRef = B5EAD5BD2B932D9F0030F2DD /* LaunchView.swift */; };
/* End PBXBuildFile section */

/* Begin PBXFileReference section */
		B5EAD5582B8EC1930030F2DD /* SRinis.app */ = {isa = PBXFileReference; explicitFileType = wrapper.application; includeInIndex = 0; path = SRinis.app; sourceTree = BUILT_PRODUCTS_DIR; };
		B5EAD55B2B8EC1930030F2DD /* AppDelegate.swift */ = {isa = PBXFileReference; lastKnownFileType = sourcecode.swift; path = AppDelegate.swift; sourceTree = "<group>"; };
		B5EAD55D2B8EC1930030F2DD /* SceneDelegate.swift */ = {isa = PBXFileReference; lastKnownFileType = sourcecode.swift; path = SceneDelegate.swift; sourceTree = "<group>"; };
		B5EAD55F2B8EC1930030F2DD /* ViewController.swift */ = {isa = PBXFileReference; lastKnownFileType = sourcecode.swift; path = ViewController.swift; sourceTree = "<group>"; };
		B5EAD5622B8EC1930030F2DD /* Base */ = {isa = PBXFileReference; lastKnownFileType = file.storyboard; name = Base; path = Base.lproj/Main.storyboard; sourceTree = "<group>"; };
		B5EAD5642B8EC1970030F2DD /* Assets.xcassets */ = {isa = PBXFileReference; lastKnownFileType = folder.assetcatalog; path = Assets.xcassets; sourceTree = "<group>"; };
		B5EAD5672B8EC1970030F2DD /* Base */ = {isa = PBXFileReference; lastKnownFileType = file.storyboard; name = Base; path = Base.lproj/LaunchScreen.storyboard; sourceTree = "<group>"; };
		B5EAD5692B8EC1970030F2DD /* Info.plist */ = {isa = PBXFileReference; lastKnownFileType = text.plist.xml; path = Info.plist; sourceTree = "<group>"; };
		B5EAD5712B8EC2E40030F2DD /* CollectionViewController.swift */ = {isa = PBXFileReference; fileEncoding = 4; lastKnownFileType = sourcecode.swift; path = CollectionViewController.swift; sourceTree = "<group>"; };
		B5EAD5722B8EC2E40030F2DD /* CollectionViewCell.swift */ = {isa = PBXFileReference; fileEncoding = 4; lastKnownFileType = sourcecode.swift; path = CollectionViewCell.swift; sourceTree = "<group>"; };
		B5EAD5732B8EC2E40030F2DD /* BottomTabBarController.swift */ = {isa = PBXFileReference; fileEncoding = 4; lastKnownFileType = sourcecode.swift; path = BottomTabBarController.swift; sourceTree = "<group>"; };
		B5EAD5742B8EC2E40030F2DD /* BottomTabView.swift */ = {isa = PBXFileReference; fileEncoding = 4; lastKnownFileType = sourcecode.swift; path = BottomTabView.swift; sourceTree = "<group>"; };
		B5EAD57F2B8ECC880030F2DD /* ProfileListViewController.swift */ = {isa = PBXFileReference; lastKnownFileType = sourcecode.swift; path = ProfileListViewController.swift; sourceTree = "<group>"; };
		B5EAD5852B8ECDFD0030F2DD /* QuizViewController.swift */ = {isa = PBXFileReference; fileEncoding = 4; lastKnownFileType = sourcecode.swift; path = QuizViewController.swift; sourceTree = "<group>"; };
		B5EAD5892B8ED5F70030F2DD /* MemberDetailView.swift */ = {isa = PBXFileReference; fileEncoding = 4; lastKnownFileType = sourcecode.swift; path = MemberDetailView.swift; sourceTree = "<group>"; };
		B5EAD58F2B8EDEF10030F2DD /* Quiz.storyboard */ = {isa = PBXFileReference; fileEncoding = 4; lastKnownFileType = file.storyboard; path = Quiz.storyboard; sourceTree = "<group>"; };
		B5EAD5912B8EE28E0030F2DD /* TeamMember.swift */ = {isa = PBXFileReference; fileEncoding = 4; lastKnownFileType = sourcecode.swift; path = TeamMember.swift; sourceTree = "<group>"; };
		B5EAD5922B8EE28E0030F2DD /* Protocol.swift */ = {isa = PBXFileReference; fileEncoding = 4; lastKnownFileType = sourcecode.swift; path = Protocol.swift; sourceTree = "<group>"; };
		B5EAD5972B8F0C240030F2DD /* ListCollectionViewCell.swift */ = {isa = PBXFileReference; lastKnownFileType = sourcecode.swift; path = ListCollectionViewCell.swift; sourceTree = "<group>"; };
		B5EAD59D2B8F19E70030F2DD /* .gitignore */ = {isa = PBXFileReference; lastKnownFileType = text; path = .gitignore; sourceTree = "<group>"; };
		B5EAD5A02B8F44630030F2DD /* NanumGothicCoding-Bold.ttf */ = {isa = PBXFileReference; lastKnownFileType = file; path = "NanumGothicCoding-Bold.ttf"; sourceTree = "<group>"; };
		B5EAD5A12B8F44630030F2DD /* NanumGothicCoding.ttf */ = {isa = PBXFileReference; lastKnownFileType = file; path = NanumGothicCoding.ttf; sourceTree = "<group>"; };
		B5EAD5A42B8F44730030F2DD /* Cafe24Supermagic-Bold-v1.0.otf */ = {isa = PBXFileReference; lastKnownFileType = file; path = "Cafe24Supermagic-Bold-v1.0.otf"; sourceTree = "<group>"; };
		B5EAD5B42B9090F40030F2DD /* QuizData.swift */ = {isa = PBXFileReference; fileEncoding = 4; lastKnownFileType = sourcecode.swift; path = QuizData.swift; sourceTree = "<group>"; };
		B5EAD5B52B9090F40030F2DD /* QuizModel.swift */ = {isa = PBXFileReference; fileEncoding = 4; lastKnownFileType = sourcecode.swift; path = QuizModel.swift; sourceTree = "<group>"; };
		B5EAD5BD2B932D9F0030F2DD /* LaunchView.swift */ = {isa = PBXFileReference; fileEncoding = 4; lastKnownFileType = sourcecode.swift; path = LaunchView.swift; sourceTree = "<group>"; };
/* End PBXFileReference section */

/* Begin PBXFrameworksBuildPhase section */
		B5EAD5552B8EC1930030F2DD /* Frameworks */ = {
			isa = PBXFrameworksBuildPhase;
			buildActionMask = 2147483647;
			files = (
			);
			runOnlyForDeploymentPostprocessing = 0;
		};
/* End PBXFrameworksBuildPhase section */

/* Begin PBXGroup section */
		B5EAD54F2B8EC1930030F2DD = {
			isa = PBXGroup;
			children = (
				B5EAD55A2B8EC1930030F2DD /* SRinis */,
				B5EAD5592B8EC1930030F2DD /* Products */,
			);
			sourceTree = "<group>";
		};
		B5EAD5592B8EC1930030F2DD /* Products */ = {
			isa = PBXGroup;
			children = (
				B5EAD5582B8EC1930030F2DD /* SRinis.app */,
			);
			name = Products;
			sourceTree = "<group>";
		};
		B5EAD55A2B8EC1930030F2DD /* SRinis */ = {
			isa = PBXGroup;
			children = (
				B5EAD59F2B8F443E0030F2DD /* Font */,
				B5EAD55B2B8EC1930030F2DD /* AppDelegate.swift */,
				B5EAD55D2B8EC1930030F2DD /* SceneDelegate.swift */,
				B5EAD55F2B8EC1930030F2DD /* ViewController.swift */,
				B5EAD5612B8EC1930030F2DD /* Main.storyboard */,
				B5EAD5642B8EC1970030F2DD /* Assets.xcassets */,
				B5EAD5662B8EC1970030F2DD /* LaunchScreen.storyboard */,
				B5EAD5692B8EC1970030F2DD /* Info.plist */,
				B5EAD5732B8EC2E40030F2DD /* BottomTabBarController.swift */,
				B5EAD5742B8EC2E40030F2DD /* BottomTabView.swift */,
				B5EAD5722B8EC2E40030F2DD /* CollectionViewCell.swift */,
				B5EAD5712B8EC2E40030F2DD /* CollectionViewController.swift */,
				B5EAD57F2B8ECC880030F2DD /* ProfileListViewController.swift */,
				B5EAD5852B8ECDFD0030F2DD /* QuizViewController.swift */,
				B5EAD5892B8ED5F70030F2DD /* MemberDetailView.swift */,
				B5EAD58F2B8EDEF10030F2DD /* Quiz.storyboard */,
				B5EAD5922B8EE28E0030F2DD /* Protocol.swift */,
				B5EAD5912B8EE28E0030F2DD /* TeamMember.swift */,
				B5EAD5972B8F0C240030F2DD /* ListCollectionViewCell.swift */,
				B5EAD59D2B8F19E70030F2DD /* .gitignore */,
				B5EAD5B42B9090F40030F2DD /* QuizData.swift */,
				B5EAD5B52B9090F40030F2DD /* QuizModel.swift */,
				B5EAD5BD2B932D9F0030F2DD /* LaunchView.swift */,
			);
			path = SRinis;
			sourceTree = "<group>";
		};
		B5EAD59F2B8F443E0030F2DD /* Font */ = {
			isa = PBXGroup;
			children = (
				B5EAD5A42B8F44730030F2DD /* Cafe24Supermagic-Bold-v1.0.otf */,
				B5EAD5A02B8F44630030F2DD /* NanumGothicCoding-Bold.ttf */,
				B5EAD5A12B8F44630030F2DD /* NanumGothicCoding.ttf */,
			);
			path = Font;
			sourceTree = "<group>";
		};
/* End PBXGroup section */

/* Begin PBXNativeTarget section */
		B5EAD5572B8EC1930030F2DD /* SRinis */ = {
			isa = PBXNativeTarget;
			buildConfigurationList = B5EAD56C2B8EC1970030F2DD /* Build configuration list for PBXNativeTarget "SRinis" */;
			buildPhases = (
				B5EAD5542B8EC1930030F2DD /* Sources */,
				B5EAD5552B8EC1930030F2DD /* Frameworks */,
				B5EAD5562B8EC1930030F2DD /* Resources */,
			);
			buildRules = (
			);
			dependencies = (
			);
			name = SRinis;
			productName = SRinis;
			productReference = B5EAD5582B8EC1930030F2DD /* SRinis.app */;
			productType = "com.apple.product-type.application";
		};
/* End PBXNativeTarget section */

/* Begin PBXProject section */
		B5EAD5502B8EC1930030F2DD /* Project object */ = {
			isa = PBXProject;
			attributes = {
				BuildIndependentTargetsInParallel = 1;
				LastSwiftUpdateCheck = 1520;
				LastUpgradeCheck = 1520;
				TargetAttributes = {
					B5EAD5572B8EC1930030F2DD = {
						CreatedOnToolsVersion = 15.2;
					};
				};
			};
			buildConfigurationList = B5EAD5532B8EC1930030F2DD /* Build configuration list for PBXProject "SRinis" */;
			compatibilityVersion = "Xcode 14.0";
			developmentRegion = en;
			hasScannedForEncodings = 0;
			knownRegions = (
				en,
				Base,
			);
			mainGroup = B5EAD54F2B8EC1930030F2DD;
			productRefGroup = B5EAD5592B8EC1930030F2DD /* Products */;
			projectDirPath = "";
			projectRoot = "";
			targets = (
				B5EAD5572B8EC1930030F2DD /* SRinis */,
			);
		};
/* End PBXProject section */

/* Begin PBXResourcesBuildPhase section */
		B5EAD5562B8EC1930030F2DD /* Resources */ = {
			isa = PBXResourcesBuildPhase;
			buildActionMask = 2147483647;
			files = (
				B5EAD59E2B8F19E70030F2DD /* .gitignore in Resources */,
				B5EAD5682B8EC1970030F2DD /* LaunchScreen.storyboard in Resources */,
				B5EAD5A52B8F44730030F2DD /* Cafe24Supermagic-Bold-v1.0.otf in Resources */,
				B5EAD5A32B8F44630030F2DD /* NanumGothicCoding.ttf in Resources */,
				B5EAD5652B8EC1970030F2DD /* Assets.xcassets in Resources */,
				B5EAD5632B8EC1930030F2DD /* Main.storyboard in Resources */,
				B5EAD5902B8EDEF10030F2DD /* Quiz.storyboard in Resources */,
				B5EAD5A22B8F44630030F2DD /* NanumGothicCoding-Bold.ttf in Resources */,
			);
			runOnlyForDeploymentPostprocessing = 0;
		};
/* End PBXResourcesBuildPhase section */

/* Begin PBXSourcesBuildPhase section */
		B5EAD5542B8EC1930030F2DD /* Sources */ = {
			isa = PBXSourcesBuildPhase;
			buildActionMask = 2147483647;
			files = (
				B5EAD5B62B9090F40030F2DD /* QuizData.swift in Sources */,
				B5EAD5BE2B932D9F0030F2DD /* LaunchView.swift in Sources */,
				B5EAD5762B8EC2E40030F2DD /* CollectionViewCell.swift in Sources */,
				B5EAD58A2B8ED5F70030F2DD /* MemberDetailView.swift in Sources */,
				B5EAD5932B8EE28E0030F2DD /* TeamMember.swift in Sources */,
				B5EAD5B72B9090F40030F2DD /* QuizModel.swift in Sources */,
				B5EAD5752B8EC2E40030F2DD /* CollectionViewController.swift in Sources */,
				B5EAD5602B8EC1930030F2DD /* ViewController.swift in Sources */,
				B5EAD5782B8EC2E40030F2DD /* BottomTabView.swift in Sources */,
				B5EAD55C2B8EC1930030F2DD /* AppDelegate.swift in Sources */,
				B5EAD5982B8F0C240030F2DD /* ListCollectionViewCell.swift in Sources */,
				B5EAD5772B8EC2E40030F2DD /* BottomTabBarController.swift in Sources */,
				B5EAD5862B8ECDFD0030F2DD /* QuizViewController.swift in Sources */,
				B5EAD5802B8ECC880030F2DD /* ProfileListViewController.swift in Sources */,
				B5EAD55E2B8EC1930030F2DD /* SceneDelegate.swift in Sources */,
				B5EAD5942B8EE28E0030F2DD /* Protocol.swift in Sources */,
			);
			runOnlyForDeploymentPostprocessing = 0;
		};
/* End PBXSourcesBuildPhase section */

/* Begin PBXVariantGroup section */
		B5EAD5612B8EC1930030F2DD /* Main.storyboard */ = {
			isa = PBXVariantGroup;
			children = (
				B5EAD5622B8EC1930030F2DD /* Base */,
			);
			name = Main.storyboard;
			sourceTree = "<group>";
		};
		B5EAD5662B8EC1970030F2DD /* LaunchScreen.storyboard */ = {
			isa = PBXVariantGroup;
			children = (
				B5EAD5672B8EC1970030F2DD /* Base */,
			);
			name = LaunchScreen.storyboard;
			sourceTree = "<group>";
		};
/* End PBXVariantGroup section */

/* Begin XCBuildConfiguration section */
		B5EAD56A2B8EC1970030F2DD /* Debug */ = {
			isa = XCBuildConfiguration;
			buildSettings = {
				ALWAYS_SEARCH_USER_PATHS = NO;
				ASSETCATALOG_COMPILER_GENERATE_SWIFT_ASSET_SYMBOL_EXTENSIONS = YES;
				CLANG_ANALYZER_NONNULL = YES;
				CLANG_ANALYZER_NUMBER_OBJECT_CONVERSION = YES_AGGRESSIVE;
				CLANG_CXX_LANGUAGE_STANDARD = "gnu++20";
				CLANG_ENABLE_MODULES = YES;
				CLANG_ENABLE_OBJC_ARC = YES;
				CLANG_ENABLE_OBJC_WEAK = YES;
				CLANG_WARN_BLOCK_CAPTURE_AUTORELEASING = YES;
				CLANG_WARN_BOOL_CONVERSION = YES;
				CLANG_WARN_COMMA = YES;
				CLANG_WARN_CONSTANT_CONVERSION = YES;
				CLANG_WARN_DEPRECATED_OBJC_IMPLEMENTATIONS = YES;
				CLANG_WARN_DIRECT_OBJC_ISA_USAGE = YES_ERROR;
				CLANG_WARN_DOCUMENTATION_COMMENTS = YES;
				CLANG_WARN_EMPTY_BODY = YES;
				CLANG_WARN_ENUM_CONVERSION = YES;
				CLANG_WARN_INFINITE_RECURSION = YES;
				CLANG_WARN_INT_CONVERSION = YES;
				CLANG_WARN_NON_LITERAL_NULL_CONVERSION = YES;
				CLANG_WARN_OBJC_IMPLICIT_RETAIN_SELF = YES;
				CLANG_WARN_OBJC_LITERAL_CONVERSION = YES;
				CLANG_WARN_OBJC_ROOT_CLASS = YES_ERROR;
				CLANG_WARN_QUOTED_INCLUDE_IN_FRAMEWORK_HEADER = YES;
				CLANG_WARN_RANGE_LOOP_ANALYSIS = YES;
				CLANG_WARN_STRICT_PROTOTYPES = YES;
				CLANG_WARN_SUSPICIOUS_MOVE = YES;
				CLANG_WARN_UNGUARDED_AVAILABILITY = YES_AGGRESSIVE;
				CLANG_WARN_UNREACHABLE_CODE = YES;
				CLANG_WARN__DUPLICATE_METHOD_MATCH = YES;
				COPY_PHASE_STRIP = NO;
				DEBUG_INFORMATION_FORMAT = dwarf;
				ENABLE_STRICT_OBJC_MSGSEND = YES;
				ENABLE_TESTABILITY = YES;
				ENABLE_USER_SCRIPT_SANDBOXING = YES;
				GCC_C_LANGUAGE_STANDARD = gnu17;
				GCC_DYNAMIC_NO_PIC = NO;
				GCC_NO_COMMON_BLOCKS = YES;
				GCC_OPTIMIZATION_LEVEL = 0;
				GCC_PREPROCESSOR_DEFINITIONS = (
					"DEBUG=1",
					"$(inherited)",
				);
				GCC_WARN_64_TO_32_BIT_CONVERSION = YES;
				GCC_WARN_ABOUT_RETURN_TYPE = YES_ERROR;
				GCC_WARN_UNDECLARED_SELECTOR = YES;
				GCC_WARN_UNINITIALIZED_AUTOS = YES_AGGRESSIVE;
				GCC_WARN_UNUSED_FUNCTION = YES;
				GCC_WARN_UNUSED_VARIABLE = YES;
				IPHONEOS_DEPLOYMENT_TARGET = 17.2;
				LOCALIZATION_PREFERS_STRING_CATALOGS = YES;
				MTL_ENABLE_DEBUG_INFO = INCLUDE_SOURCE;
				MTL_FAST_MATH = YES;
				ONLY_ACTIVE_ARCH = YES;
				SDKROOT = iphoneos;
				SWIFT_ACTIVE_COMPILATION_CONDITIONS = "DEBUG $(inherited)";
				SWIFT_OPTIMIZATION_LEVEL = "-Onone";
			};
			name = Debug;
		};
		B5EAD56B2B8EC1970030F2DD /* Release */ = {
			isa = XCBuildConfiguration;
			buildSettings = {
				ALWAYS_SEARCH_USER_PATHS = NO;
				ASSETCATALOG_COMPILER_GENERATE_SWIFT_ASSET_SYMBOL_EXTENSIONS = YES;
				CLANG_ANALYZER_NONNULL = YES;
				CLANG_ANALYZER_NUMBER_OBJECT_CONVERSION = YES_AGGRESSIVE;
				CLANG_CXX_LANGUAGE_STANDARD = "gnu++20";
				CLANG_ENABLE_MODULES = YES;
				CLANG_ENABLE_OBJC_ARC = YES;
				CLANG_ENABLE_OBJC_WEAK = YES;
				CLANG_WARN_BLOCK_CAPTURE_AUTORELEASING = YES;
				CLANG_WARN_BOOL_CONVERSION = YES;
				CLANG_WARN_COMMA = YES;
				CLANG_WARN_CONSTANT_CONVERSION = YES;
				CLANG_WARN_DEPRECATED_OBJC_IMPLEMENTATIONS = YES;
				CLANG_WARN_DIRECT_OBJC_ISA_USAGE = YES_ERROR;
				CLANG_WARN_DOCUMENTATION_COMMENTS = YES;
				CLANG_WARN_EMPTY_BODY = YES;
				CLANG_WARN_ENUM_CONVERSION = YES;
				CLANG_WARN_INFINITE_RECURSION = YES;
				CLANG_WARN_INT_CONVERSION = YES;
				CLANG_WARN_NON_LITERAL_NULL_CONVERSION = YES;
				CLANG_WARN_OBJC_IMPLICIT_RETAIN_SELF = YES;
				CLANG_WARN_OBJC_LITERAL_CONVERSION = YES;
				CLANG_WARN_OBJC_ROOT_CLASS = YES_ERROR;
				CLANG_WARN_QUOTED_INCLUDE_IN_FRAMEWORK_HEADER = YES;
				CLANG_WARN_RANGE_LOOP_ANALYSIS = YES;
				CLANG_WARN_STRICT_PROTOTYPES = YES;
				CLANG_WARN_SUSPICIOUS_MOVE = YES;
				CLANG_WARN_UNGUARDED_AVAILABILITY = YES_AGGRESSIVE;
				CLANG_WARN_UNREACHABLE_CODE = YES;
				CLANG_WARN__DUPLICATE_METHOD_MATCH = YES;
				COPY_PHASE_STRIP = NO;
				DEBUG_INFORMATION_FORMAT = "dwarf-with-dsym";
				ENABLE_NS_ASSERTIONS = NO;
				ENABLE_STRICT_OBJC_MSGSEND = YES;
				ENABLE_USER_SCRIPT_SANDBOXING = YES;
				GCC_C_LANGUAGE_STANDARD = gnu17;
				GCC_NO_COMMON_BLOCKS = YES;
				GCC_WARN_64_TO_32_BIT_CONVERSION = YES;
				GCC_WARN_ABOUT_RETURN_TYPE = YES_ERROR;
				GCC_WARN_UNDECLARED_SELECTOR = YES;
				GCC_WARN_UNINITIALIZED_AUTOS = YES_AGGRESSIVE;
				GCC_WARN_UNUSED_FUNCTION = YES;
				GCC_WARN_UNUSED_VARIABLE = YES;
				IPHONEOS_DEPLOYMENT_TARGET = 17.2;
				LOCALIZATION_PREFERS_STRING_CATALOGS = YES;
				MTL_ENABLE_DEBUG_INFO = NO;
				MTL_FAST_MATH = YES;
				SDKROOT = iphoneos;
				SWIFT_COMPILATION_MODE = wholemodule;
				VALIDATE_PRODUCT = YES;
			};
			name = Release;
		};
		B5EAD56D2B8EC1970030F2DD /* Debug */ = {
			isa = XCBuildConfiguration;
			buildSettings = {
				ASSETCATALOG_COMPILER_APPICON_NAME = AppIcon;
				ASSETCATALOG_COMPILER_GLOBAL_ACCENT_COLOR_NAME = AccentColor;
				CODE_SIGN_STYLE = Automatic;
				CURRENT_PROJECT_VERSION = 1;
				DEVELOPMENT_TEAM = 8B78U37C85;
				GENERATE_INFOPLIST_FILE = YES;
				INFOPLIST_FILE = SRinis/Info.plist;
				INFOPLIST_KEY_UIApplicationSupportsIndirectInputEvents = YES;
				INFOPLIST_KEY_UILaunchStoryboardName = "";
				INFOPLIST_KEY_UIMainStoryboardFile = Main;
				INFOPLIST_KEY_UISupportedInterfaceOrientations_iPad = "UIInterfaceOrientationPortrait UIInterfaceOrientationPortraitUpsideDown UIInterfaceOrientationLandscapeLeft UIInterfaceOrientationLandscapeRight";
				INFOPLIST_KEY_UISupportedInterfaceOrientations_iPhone = "UIInterfaceOrientationPortrait UIInterfaceOrientationLandscapeLeft UIInterfaceOrientationLandscapeRight";
				LD_RUNPATH_SEARCH_PATHS = (
					"$(inherited)",
					"@executable_path/Frameworks",
				);
				MARKETING_VERSION = 1.0;
				PRODUCT_BUNDLE_IDENTIFIER = pudin435.SRinis;
				PRODUCT_NAME = "$(TARGET_NAME)";
				SWIFT_EMIT_LOC_STRINGS = YES;
				SWIFT_VERSION = 5.0;
				TARGETED_DEVICE_FAMILY = "1,2";
			};
			name = Debug;
		};
		B5EAD56E2B8EC1970030F2DD /* Release */ = {
			isa = XCBuildConfiguration;
			buildSettings = {
				ASSETCATALOG_COMPILER_APPICON_NAME = AppIcon;
				ASSETCATALOG_COMPILER_GLOBAL_ACCENT_COLOR_NAME = AccentColor;
				CODE_SIGN_STYLE = Automatic;
				CURRENT_PROJECT_VERSION = 1;
				DEVELOPMENT_TEAM = 8B78U37C85;
				GENERATE_INFOPLIST_FILE = YES;
				INFOPLIST_FILE = SRinis/Info.plist;
				INFOPLIST_KEY_UIApplicationSupportsIndirectInputEvents = YES;
				INFOPLIST_KEY_UILaunchStoryboardName = "";
				INFOPLIST_KEY_UIMainStoryboardFile = Main;
				INFOPLIST_KEY_UISupportedInterfaceOrientations_iPad = "UIInterfaceOrientationPortrait UIInterfaceOrientationPortraitUpsideDown UIInterfaceOrientationLandscapeLeft UIInterfaceOrientationLandscapeRight";
				INFOPLIST_KEY_UISupportedInterfaceOrientations_iPhone = "UIInterfaceOrientationPortrait UIInterfaceOrientationLandscapeLeft UIInterfaceOrientationLandscapeRight";
				LD_RUNPATH_SEARCH_PATHS = (
					"$(inherited)",
					"@executable_path/Frameworks",
				);
				MARKETING_VERSION = 1.0;
				PRODUCT_BUNDLE_IDENTIFIER = pudin435.SRinis;
				PRODUCT_NAME = "$(TARGET_NAME)";
				SWIFT_EMIT_LOC_STRINGS = YES;
				SWIFT_VERSION = 5.0;
				TARGETED_DEVICE_FAMILY = "1,2";
			};
			name = Release;
		};
/* End XCBuildConfiguration section */

/* Begin XCConfigurationList section */
		B5EAD5532B8EC1930030F2DD /* Build configuration list for PBXProject "SRinis" */ = {
			isa = XCConfigurationList;
			buildConfigurations = (
				B5EAD56A2B8EC1970030F2DD /* Debug */,
				B5EAD56B2B8EC1970030F2DD /* Release */,
			);
			defaultConfigurationIsVisible = 0;
			defaultConfigurationName = Release;
		};
		B5EAD56C2B8EC1970030F2DD /* Build configuration list for PBXNativeTarget "SRinis" */ = {
			isa = XCConfigurationList;
			buildConfigurations = (
				B5EAD56D2B8EC1970030F2DD /* Debug */,
				B5EAD56E2B8EC1970030F2DD /* Release */,
			);
			defaultConfigurationIsVisible = 0;
			defaultConfigurationName = Release;
		};
/* End XCConfigurationList section */
	};
	rootObject = B5EAD5502B8EC1930030F2DD /* Project object */;
}
